Microsoft Visual Studio Solution File, Format Version 12.00
# Visual Studio Version 17
VisualStudioVersion = 17.5.2.0
MinimumVisualStudioVersion = 10.0.40219.1
Project("{2150E333-8FDC-42A3-9474-1A3956D46DE8}") = "axis-complete", "axis-complete", "{BEE4033B-F2B3-C6E5-5423-344A0D6858B7}"
EndProject
Project("{2150E333-8FDC-42A3-9474-1A3956D46DE8}") = "axis-renderer", "axis-renderer", "{2EC2E35E-2E36-9A19-85D1-097C8DECFAD2}"
EndProject
Project("{FAE04EC0-301F-11D3-BF4B-00C04F79EFBC}") = "AxisRenderer", "axis-complete\axis-renderer\AxisRenderer\AxisRenderer.csproj", "{8266E926-2141-8114-DA25-B8FA3F4A2375}"
EndProject
Global
	GlobalSection(SolutionConfigurationPlatforms) = preSolution
		Debug|Any CPU = Debug|Any CPU
		Release|Any CPU = Release|Any CPU
	EndGlobalSection
	GlobalSection(ProjectConfigurationPlatforms) = postSolution
		{8266E926-2141-8114-DA25-B8FA3F4A2375}.Debug|Any CPU.ActiveCfg = Debug|Any CPU
		{8266E926-2141-8114-DA25-B8FA3F4A2375}.Debug|Any CPU.Build.0 = Debug|Any CPU
		{8266E926-2141-8114-DA25-B8FA3F4A2375}.Release|Any CPU.ActiveCfg = Release|Any CPU
		{8266E926-2141-8114-DA25-B8FA3F4A2375}.Release|Any CPU.Build.0 = Release|Any CPU
	EndGlobalSection
	GlobalSection(SolutionProperties) = preSolution
		HideSolutionNode = FALSE
	EndGlobalSection
	GlobalSection(NestedProjects) = preSolution
		{2EC2E35E-2E36-9A19-85D1-097C8DECFAD2} = {BEE4033B-F2B3-C6E5-5423-344A0D6858B7}
		{8266E926-2141-8114-DA25-B8FA3F4A2375} = {2EC2E35E-2E36-9A19-85D1-097C8DECFAD2}
	EndGlobalSection
	GlobalSection(ExtensibilityGlobals) = postSolution
		SolutionGuid = {588C94E3-6300-4BD6-972C-6BDE10594AFE}
	EndGlobalSection
EndGlobal
